
Microsoft Visual Studio Solution File, Format Version 12.00
Project("{2150E333-8FDC-42A3-9474-1A3956D46DE8}") = "MonolithicArchitecture", "MonolithicArchitecture", "{6855A9EE-D163-4E21-B213-FF59DB8AB753}"
EndProject
Project("{2150E333-8FDC-42A3-9474-1A3956D46DE8}") = "CleanArchitecture", "CleanArchitecture", "{77C7D897-67B4-4152-AA8F-14C4B4E7684E}"
EndProject
Project("{2150E333-8FDC-42A3-9474-1A3956D46DE8}") = "DDD", "DDD", "{4D80014F-E1CE-4B7F-9D2B-0757AA3BD8C7}"
EndProject
Project("{2150E333-8FDC-42A3-9474-1A3956D46DE8}") = "MicroservicesArchitecture", "MicroservicesArchitecture", "{05768603-5571-4545-B800-73A169281692}"
EndProject
Project("{2150E333-8FDC-42A3-9474-1A3956D46DE8}") = "ModularMonolithicArchitecture", "ModularMonolithicArchitecture", "{28245FD6-B718-4B65-8501-F0C62E9BCB12}"
EndProject
Project("{FAE04EC0-301F-11D3-BF4B-00C04F79EFBC}") = "UserService", "Monolithic Architecture\UserService\UserService.csproj", "{368241BC-1F65-4260-B4DC-9210DF768CFB}"
EndProject
Project("{FAE04EC0-301F-11D3-BF4B-00C04F79EFBC}") = "UserService", "Clean Architecture\UserService\UserService.csproj", "{8DDD44DA-2E85-408C-AF01-2CF352AD2C0B}"
EndProject
Project("{FAE04EC0-301F-11D3-BF4B-00C04F79EFBC}") = "User.Domain", "Clean Architecture\User.Domain\User.Domain.csproj", "{CE125BF7-16F5-433F-AD42-27189E9D951E}"
EndProject
Project("{FAE04EC0-301F-11D3-BF4B-00C04F79EFBC}") = "User.Application", "Clean Architecture\User.Application\User.Application.csproj", "{C10D564F-63F6-499E-BDE0-FD5442E70EA3}"
EndProject
Project("{FAE04EC0-301F-11D3-BF4B-00C04F79EFBC}") = "User.Infrostucture", "Clean Architecture\User.Infrostucture\User.Infrostucture.csproj", "{4DC745A2-01D7-4A81-8B24-5145222493D9}"
EndProject
Project("{FAE04EC0-301F-11D3-BF4B-00C04F79EFBC}") = "User.Presentation", "Clean Architecture\User.Presentation\User.Presentation.csproj", "{D0984F19-F409-4F2B-8FEA-5BAED67D67BC}"
EndProject
Project("{FAE04EC0-301F-11D3-BF4B-00C04F79EFBC}") = "User.Domain", "Domain-Driven Design\User.Domain\User.Domain.csproj", "{68DDE4E2-916D-49B8-99BF-4755469B54D7}"
EndProject
Project("{FAE04EC0-301F-11D3-BF4B-00C04F79EFBC}") = "User.Application", "Domain-Driven Design\User.Application\User.Application.csproj", "{FA52E1C0-CE48-4F83-AF02-B89F445D9A55}"
EndProject
Project("{FAE04EC0-301F-11D3-BF4B-00C04F79EFBC}") = "User.Infrostucture", "Domain-Driven Design\User.Infrostucture\User.Infrostucture.csproj", "{E08B44C6-A78E-42A2-A7E2-3CFD26E4B775}"
EndProject
Project("{FAE04EC0-301F-11D3-BF4B-00C04F79EFBC}") = "User.Presentation", "Domain-Driven Design\User.Presentation\User.Presentation.csproj", "{AFCCB81C-EA48-4A60-B90F-4718BB033398}"
EndProject
Project("{FAE04EC0-301F-11D3-BF4B-00C04F79EFBC}") = "UserService", "Domain-Driven Design\UserService\UserService.csproj", "{BDA98560-6F37-4FC1-B627-3FAE621CC0A3}"
EndProject
Project("{FAE04EC0-301F-11D3-BF4B-00C04F79EFBC}") = "UserService", "Microservices Architecture\UserService\UserService.csproj", "{03C3C4B4-C7A8-4BD5-9239-19D1C2C49AD7}"
EndProject
Project("{FAE04EC0-301F-11D3-BF4B-00C04F79EFBC}") = "OrderService", "Microservices Architecture\OrderService\OrderService.csproj", "{5299312A-D9E6-4B82-9AEB-57161F888ACC}"
EndProject
Project("{FAE04EC0-301F-11D3-BF4B-00C04F79EFBC}") = "AppHost", "Microservices Architecture\AppHost\AppHost.csproj", "{9F30AC1B-4F3F-4903-B653-9D21FBA04E73}"
EndProject
Project("{FAE04EC0-301F-11D3-BF4B-00C04F79EFBC}") = "OrderService", "Modular Monolithic Architecture\OrderService\OrderService.csproj", "{EE7FDD9B-216B-4C2D-AC6F-A8BF8681AD42}"
EndProject
Project("{FAE04EC0-301F-11D3-BF4B-00C04F79EFBC}") = "UserService", "Modular Monolithic Architecture\UserService\UserService.csproj", "{031EFC24-0B26-4B14-A35A-CF57128CBD8B}"
EndProject
Project("{FAE04EC0-301F-11D3-BF4B-00C04F79EFBC}") = "Modular.API", "Modular Monolithic Architecture\Modular.API\Modular.API.csproj", "{EF782E43-29B0-439F-8384-9A115206BCD0}"
EndProject
Global
	GlobalSection(SolutionConfigurationPlatforms) = preSolution
		Debug|Any CPU = Debug|Any CPU
		Release|Any CPU = Release|Any CPU
	EndGlobalSection
	GlobalSection(ProjectConfigurationPlatforms) = postSolution
		{368241BC-1F65-4260-B4DC-9210DF768CFB}.Debug|Any CPU.ActiveCfg = Debug|Any CPU
		{368241BC-1F65-4260-B4DC-9210DF768CFB}.Debug|Any CPU.Build.0 = Debug|Any CPU
		{368241BC-1F65-4260-B4DC-9210DF768CFB}.Release|Any CPU.ActiveCfg = Release|Any CPU
		{368241BC-1F65-4260-B4DC-9210DF768CFB}.Release|Any CPU.Build.0 = Release|Any CPU
		{8DDD44DA-2E85-408C-AF01-2CF352AD2C0B}.Debug|Any CPU.ActiveCfg = Debug|Any CPU
		{8DDD44DA-2E85-408C-AF01-2CF352AD2C0B}.Debug|Any CPU.Build.0 = Debug|Any CPU
		{8DDD44DA-2E85-408C-AF01-2CF352AD2C0B}.Release|Any CPU.ActiveCfg = Release|Any CPU
		{8DDD44DA-2E85-408C-AF01-2CF352AD2C0B}.Release|Any CPU.Build.0 = Release|Any CPU
		{CE125BF7-16F5-433F-AD42-27189E9D951E}.Debug|Any CPU.ActiveCfg = Debug|Any CPU
		{CE125BF7-16F5-433F-AD42-27189E9D951E}.Debug|Any CPU.Build.0 = Debug|Any CPU
		{CE125BF7-16F5-433F-AD42-27189E9D951E}.Release|Any CPU.ActiveCfg = Release|Any CPU
		{CE125BF7-16F5-433F-AD42-27189E9D951E}.Release|Any CPU.Build.0 = Release|Any CPU
		{C10D564F-63F6-499E-BDE0-FD5442E70EA3}.Debug|Any CPU.ActiveCfg = Debug|Any CPU
		{C10D564F-63F6-499E-BDE0-FD5442E70EA3}.Debug|Any CPU.Build.0 = Debug|Any CPU
		{C10D564F-63F6-499E-BDE0-FD5442E70EA3}.Release|Any CPU.ActiveCfg = Release|Any CPU
		{C10D564F-63F6-499E-BDE0-FD5442E70EA3}.Release|Any CPU.Build.0 = Release|Any CPU
		{4DC745A2-01D7-4A81-8B24-5145222493D9}.Debug|Any CPU.ActiveCfg = Debug|Any CPU
		{4DC745A2-01D7-4A81-8B24-5145222493D9}.Debug|Any CPU.Build.0 = Debug|Any CPU
		{4DC745A2-01D7-4A81-8B24-5145222493D9}.Release|Any CPU.ActiveCfg = Release|Any CPU
		{4DC745A2-01D7-4A81-8B24-5145222493D9}.Release|Any CPU.Build.0 = Release|Any CPU
		{D0984F19-F409-4F2B-8FEA-5BAED67D67BC}.Debug|Any CPU.ActiveCfg = Debug|Any CPU
		{D0984F19-F409-4F2B-8FEA-5BAED67D67BC}.Debug|Any CPU.Build.0 = Debug|Any CPU
		{D0984F19-F409-4F2B-8FEA-5BAED67D67BC}.Release|Any CPU.ActiveCfg = Release|Any CPU
		{D0984F19-F409-4F2B-8FEA-5BAED67D67BC}.Release|Any CPU.Build.0 = Release|Any CPU
		{68DDE4E2-916D-49B8-99BF-4755469B54D7}.Debug|Any CPU.ActiveCfg = Debug|Any CPU
		{68DDE4E2-916D-49B8-99BF-4755469B54D7}.Debug|Any CPU.Build.0 = Debug|Any CPU
		{68DDE4E2-916D-49B8-99BF-4755469B54D7}.Release|Any CPU.ActiveCfg = Release|Any CPU
		{68DDE4E2-916D-49B8-99BF-4755469B54D7}.Release|Any CPU.Build.0 = Release|Any CPU
		{FA52E1C0-CE48-4F83-AF02-B89F445D9A55}.Debug|Any CPU.ActiveCfg = Debug|Any CPU
		{FA52E1C0-CE48-4F83-AF02-B89F445D9A55}.Debug|Any CPU.Build.0 = Debug|Any CPU
		{FA52E1C0-CE48-4F83-AF02-B89F445D9A55}.Release|Any CPU.ActiveCfg = Release|Any CPU
		{FA52E1C0-CE48-4F83-AF02-B89F445D9A55}.Release|Any CPU.Build.0 = Release|Any CPU
		{E08B44C6-A78E-42A2-A7E2-3CFD26E4B775}.Debug|Any CPU.ActiveCfg = Debug|Any CPU
		{E08B44C6-A78E-42A2-A7E2-3CFD26E4B775}.Debug|Any CPU.Build.0 = Debug|Any CPU
		{E08B44C6-A78E-42A2-A7E2-3CFD26E4B775}.Release|Any CPU.ActiveCfg = Release|Any CPU
		{E08B44C6-A78E-42A2-A7E2-3CFD26E4B775}.Release|Any CPU.Build.0 = Release|Any CPU
		{AFCCB81C-EA48-4A60-B90F-4718BB033398}.Debug|Any CPU.ActiveCfg = Debug|Any CPU
		{AFCCB81C-EA48-4A60-B90F-4718BB033398}.Debug|Any CPU.Build.0 = Debug|Any CPU
		{AFCCB81C-EA48-4A60-B90F-4718BB033398}.Release|Any CPU.ActiveCfg = Release|Any CPU
		{AFCCB81C-EA48-4A60-B90F-4718BB033398}.Release|Any CPU.Build.0 = Release|Any CPU
		{BDA98560-6F37-4FC1-B627-3FAE621CC0A3}.Debug|Any CPU.ActiveCfg = Debug|Any CPU
		{BDA98560-6F37-4FC1-B627-3FAE621CC0A3}.Debug|Any CPU.Build.0 = Debug|Any CPU
		{BDA98560-6F37-4FC1-B627-3FAE621CC0A3}.Release|Any CPU.ActiveCfg = Release|Any CPU
		{BDA98560-6F37-4FC1-B627-3FAE621CC0A3}.Release|Any CPU.Build.0 = Release|Any CPU
		{03C3C4B4-C7A8-4BD5-9239-19D1C2C49AD7}.Debug|Any CPU.ActiveCfg = Debug|Any CPU
		{03C3C4B4-C7A8-4BD5-9239-19D1C2C49AD7}.Debug|Any CPU.Build.0 = Debug|Any CPU
		{03C3C4B4-C7A8-4BD5-9239-19D1C2C49AD7}.Release|Any CPU.ActiveCfg = Release|Any CPU
		{03C3C4B4-C7A8-4BD5-9239-19D1C2C49AD7}.Release|Any CPU.Build.0 = Release|Any CPU
		{5299312A-D9E6-4B82-9AEB-57161F888ACC}.Debug|Any CPU.ActiveCfg = Debug|Any CPU
		{5299312A-D9E6-4B82-9AEB-57161F888ACC}.Debug|Any CPU.Build.0 = Debug|Any CPU
		{5299312A-D9E6-4B82-9AEB-57161F888ACC}.Release|Any CPU.ActiveCfg = Release|Any CPU
		{5299312A-D9E6-4B82-9AEB-57161F888ACC}.Release|Any CPU.Build.0 = Release|Any CPU
		{9F30AC1B-4F3F-4903-B653-9D21FBA04E73}.Debug|Any CPU.ActiveCfg = Debug|Any CPU
		{9F30AC1B-4F3F-4903-B653-9D21FBA04E73}.Debug|Any CPU.Build.0 = Debug|Any CPU
		{9F30AC1B-4F3F-4903-B653-9D21FBA04E73}.Release|Any CPU.ActiveCfg = Release|Any CPU
		{9F30AC1B-4F3F-4903-B653-9D21FBA04E73}.Release|Any CPU.Build.0 = Release|Any CPU
		{EE7FDD9B-216B-4C2D-AC6F-A8BF8681AD42}.Debug|Any CPU.ActiveCfg = Debug|Any CPU
		{EE7FDD9B-216B-4C2D-AC6F-A8BF8681AD42}.Debug|Any CPU.Build.0 = Debug|Any CPU
		{EE7FDD9B-216B-4C2D-AC6F-A8BF8681AD42}.Release|Any CPU.ActiveCfg = Release|Any CPU
		{EE7FDD9B-216B-4C2D-AC6F-A8BF8681AD42}.Release|Any CPU.Build.0 = Release|Any CPU
		{031EFC24-0B26-4B14-A35A-CF57128CBD8B}.Debug|Any CPU.ActiveCfg = Debug|Any CPU
		{031EFC24-0B26-4B14-A35A-CF57128CBD8B}.Debug|Any CPU.Build.0 = Debug|Any CPU
		{031EFC24-0B26-4B14-A35A-CF57128CBD8B}.Release|Any CPU.ActiveCfg = Release|Any CPU
		{031EFC24-0B26-4B14-A35A-CF57128CBD8B}.Release|Any CPU.Build.0 = Release|Any CPU
		{EF782E43-29B0-439F-8384-9A115206BCD0}.Debug|Any CPU.ActiveCfg = Debug|Any CPU
		{EF782E43-29B0-439F-8384-9A115206BCD0}.Debug|Any CPU.Build.0 = Debug|Any CPU
		{EF782E43-29B0-439F-8384-9A115206BCD0}.Release|Any CPU.ActiveCfg = Release|Any CPU
		{EF782E43-29B0-439F-8384-9A115206BCD0}.Release|Any CPU.Build.0 = Release|Any CPU
	EndGlobalSection
	GlobalSection(NestedProjects) = preSolution
		{368241BC-1F65-4260-B4DC-9210DF768CFB} = {6855A9EE-D163-4E21-B213-FF59DB8AB753}
		{8DDD44DA-2E85-408C-AF01-2CF352AD2C0B} = {77C7D897-67B4-4152-AA8F-14C4B4E7684E}
		{CE125BF7-16F5-433F-AD42-27189E9D951E} = {77C7D897-67B4-4152-AA8F-14C4B4E7684E}
		{C10D564F-63F6-499E-BDE0-FD5442E70EA3} = {77C7D897-67B4-4152-AA8F-14C4B4E7684E}
		{4DC745A2-01D7-4A81-8B24-5145222493D9} = {77C7D897-67B4-4152-AA8F-14C4B4E7684E}
		{D0984F19-F409-4F2B-8FEA-5BAED67D67BC} = {77C7D897-67B4-4152-AA8F-14C4B4E7684E}
		{68DDE4E2-916D-49B8-99BF-4755469B54D7} = {4D80014F-E1CE-4B7F-9D2B-0757AA3BD8C7}
		{FA52E1C0-CE48-4F83-AF02-B89F445D9A55} = {4D80014F-E1CE-4B7F-9D2B-0757AA3BD8C7}
		{E08B44C6-A78E-42A2-A7E2-3CFD26E4B775} = {4D80014F-E1CE-4B7F-9D2B-0757AA3BD8C7}
		{AFCCB81C-EA48-4A60-B90F-4718BB033398} = {4D80014F-E1CE-4B7F-9D2B-0757AA3BD8C7}
		{BDA98560-6F37-4FC1-B627-3FAE621CC0A3} = {4D80014F-E1CE-4B7F-9D2B-0757AA3BD8C7}
		{03C3C4B4-C7A8-4BD5-9239-19D1C2C49AD7} = {05768603-5571-4545-B800-73A169281692}
		{5299312A-D9E6-4B82-9AEB-57161F888ACC} = {05768603-5571-4545-B800-73A169281692}
		{9F30AC1B-4F3F-4903-B653-9D21FBA04E73} = {05768603-5571-4545-B800-73A169281692}
		{EE7FDD9B-216B-4C2D-AC6F-A8BF8681AD42} = {28245FD6-B718-4B65-8501-F0C62E9BCB12}
		{031EFC24-0B26-4B14-A35A-CF57128CBD8B} = {28245FD6-B718-4B65-8501-F0C62E9BCB12}
		{EF782E43-29B0-439F-8384-9A115206BCD0} = {28245FD6-B718-4B65-8501-F0C62E9BCB12}
	EndGlobalSection
EndGlobal
